
Microsoft Visual Studio Solution File, Format Version 12.00
# Visual Studio Version 17
VisualStudioVersion = 17.4.33213.308
MinimumVisualStudioVersion = 10.0.40219.1
Project("{FAE04EC0-301F-11D3-BF4B-00C04F79EFBC}") = "TimeTigrerFunction", "TimeTigrerFunction\TimeTigrerFunction.csproj", "{DCFB8E82-0632-4119-8AC8-E0F87ADA6CC8}"
EndProject
Global
	GlobalSection(SolutionConfigurationPlatforms) = preSolution
		Debug|Any CPU = Debug|Any CPU
		Release|Any CPU = Release|Any CPU
	EndGlobalSection
	GlobalSection(ProjectConfigurationPlatforms) = postSolution
		{DCFB8E82-0632-4119-8AC8-E0F87ADA6CC8}.Debug|Any CPU.ActiveCfg = Debug|Any CPU
		{DCFB8E82-0632-4119-8AC8-E0F87ADA6CC8}.Debug|Any CPU.Build.0 = Debug|Any CPU
		{DCFB8E82-0632-4119-8AC8-E0F87ADA6CC8}.Release|Any CPU.ActiveCfg = Release|Any CPU
		{DCFB8E82-0632-4119-8AC8-E0F87ADA6CC8}.Release|Any CPU.Build.0 = Release|Any CPU
	EndGlobalSection
	GlobalSection(SolutionProperties) = preSolution
		HideSolutionNode = FALSE
	EndGlobalSection
	GlobalSection(ExtensibilityGlobals) = postSolution
		SolutionGuid = {8778AF57-7F94-4BAA-A9E7-FA5D919E580E}
	EndGlobalSection
EndGlobal
